
Microsoft Visual Studio Solution File, Format Version 12.00
# Visual Studio Version 16
VisualStudioVersion = 16.0.35706.149
MinimumVisualStudioVersion = 10.0.40219.1
Project("{9A19103F-16F7-4668-BE54-9A1E7A4F7556}") = "CrediAPI", "CrediAPI\CrediAPI.csproj", "{B657ECAF-6112-4310-9EAE-2DC52715F17C}"
EndProject
Project("{9A19103F-16F7-4668-BE54-9A1E7A4F7556}") = "CrediWeb", "CrediWeb\CrediWeb.csproj", "{F6B0600F-C302-4907-A3C4-4222B9E39391}"
EndProject
Global
	GlobalSection(SolutionConfigurationPlatforms) = preSolution
		Debug|Any CPU = Debug|Any CPU
		Release|Any CPU = Release|Any CPU
	EndGlobalSection
	GlobalSection(ProjectConfigurationPlatforms) = postSolution
		{B657ECAF-6112-4310-9EAE-2DC52715F17C}.Debug|Any CPU.ActiveCfg = Debug|Any CPU
		{B657ECAF-6112-4310-9EAE-2DC52715F17C}.Debug|Any CPU.Build.0 = Debug|Any CPU
		{B657ECAF-6112-4310-9EAE-2DC52715F17C}.Release|Any CPU.ActiveCfg = Release|Any CPU
		{B657ECAF-6112-4310-9EAE-2DC52715F17C}.Release|Any CPU.Build.0 = Release|Any CPU
		{F6B0600F-C302-4907-A3C4-4222B9E39391}.Debug|Any CPU.ActiveCfg = Debug|Any CPU
		{F6B0600F-C302-4907-A3C4-4222B9E39391}.Debug|Any CPU.Build.0 = Debug|Any CPU
		{F6B0600F-C302-4907-A3C4-4222B9E39391}.Release|Any CPU.ActiveCfg = Release|Any CPU
		{F6B0600F-C302-4907-A3C4-4222B9E39391}.Release|Any CPU.Build.0 = Release|Any CPU
	EndGlobalSection
	GlobalSection(SolutionProperties) = preSolution
		HideSolutionNode = FALSE
	EndGlobalSection
	GlobalSection(ExtensibilityGlobals) = postSolution
		SolutionGuid = {B2C34D1A-ED54-4F21-BBBF-68F2310DC201}
	EndGlobalSection
EndGlobal
